{
  "version": 4,
  "terraform_version": "1.5.6",
  "serial": 3,
  "lineage": "9da3931b-1555-e71a-127b-05602e7bc08b",
  "outputs": {
    "redis_cache_connection_string": {
      "value": "redis-cache-rj.redis.cache.windows.net:6380,password=oq3l1xvw1bGH96qa18hn7IZU1LhP8FQJaAzCaH1jF6s=,ssl=true,abortConnect=False",
      "type": "string",
      "sensitive": true
    }
  },
  "resources": [
    {
      "mode": "managed",
      "type": "azurerm_redis_cache",
      "name": "redis",
      "provider": "provider[\"registry.terraform.io/hashicorp/azurerm\"]",
      "instances": [
        {
          "schema_version": 1,
          "attributes": {
            "capacity": 2,
            "enable_non_ssl_port": false,
            "family": "C",
            "hostname": "redis-cache-rj.redis.cache.windows.net",
            "id": "/subscriptions/0121b030-1c09-46be-80b1-045cef633f4c/resourceGroups/rg-redis/providers/Microsoft.Cache/redis/redis-cache-rj",
            "identity": [],
            "location": "eastus",
            "minimum_tls_version": "1.2",
            "name": "redis-cache-rj",
            "patch_schedule": [],
            "port": 6379,
            "primary_access_key": "oq3l1xvw1bGH96qa18hn7IZU1LhP8FQJaAzCaH1jF6s=",
            "primary_connection_string": "redis-cache-rj.redis.cache.windows.net:6380,password=oq3l1xvw1bGH96qa18hn7IZU1LhP8FQJaAzCaH1jF6s=,ssl=true,abortConnect=False",
            "private_static_ip_address": "",
            "public_network_access_enabled": true,
            "redis_configuration": [
              {
                "aof_backup_enabled": false,
                "aof_storage_connection_string_0": "",
                "aof_storage_connection_string_1": "",
                "enable_authentication": true,
                "maxclients": 2000,
                "maxfragmentationmemory_reserved": 299,
                "maxmemory_delta": 299,
                "maxmemory_policy": "",
                "maxmemory_reserved": 299,
                "notify_keyspace_events": "",
                "rdb_backup_enabled": false,
                "rdb_backup_frequency": 0,
                "rdb_backup_max_snapshot_count": 0,
                "rdb_storage_connection_string": ""
              }
            ],
            "redis_version": "6.0",
            "replicas_per_master": 0,
            "replicas_per_primary": 0,
            "resource_group_name": "rg-redis",
            "secondary_access_key": "U0YFaXAj3Ucv4F5iZPTxsGdgiHXrROJNAAzCaJVFQEo=",
            "secondary_connection_string": "redis-cache-rj.redis.cache.windows.net:6380,password=U0YFaXAj3Ucv4F5iZPTxsGdgiHXrROJNAAzCaJVFQEo=,ssl=true,abortConnect=False",
            "shard_count": 0,
            "sku_name": "Standard",
            "ssl_port": 6380,
            "subnet_id": "",
            "tags": null,
            "tenant_settings": null,
            "timeouts": null,
            "zones": null
          },
          "sensitive_attributes": [],
          "private": "eyJlMmJmYjczMC1lY2FhLTExZTYtOGY4OC0zNDM2M2JjN2M0YzAiOnsiY3JlYXRlIjo1NDAwMDAwMDAwMDAwLCJkZWxldGUiOjU0MDAwMDAwMDAwMDAsInJlYWQiOjMwMDAwMDAwMDAwMCwidXBkYXRlIjo1NDAwMDAwMDAwMDAwfSwic2NoZW1hX3ZlcnNpb24iOiIxIn0=",
          "dependencies": [
            "azurerm_resource_group.rg"
          ]
        }
      ]
    },
    {
      "mode": "managed",
      "type": "azurerm_resource_group",
      "name": "rg",
      "provider": "provider[\"registry.terraform.io/hashicorp/azurerm\"]",
      "instances": [
        {
          "schema_version": 0,
          "attributes": {
            "id": "/subscriptions/0121b030-1c09-46be-80b1-045cef633f4c/resourceGroups/rg-redis",
            "location": "eastus",
            "managed_by": "",
            "name": "rg-redis",
            "tags": null,
            "timeouts": null
          },
          "sensitive_attributes": [],
          "private": "eyJlMmJmYjczMC1lY2FhLTExZTYtOGY4OC0zNDM2M2JjN2M0YzAiOnsiY3JlYXRlIjo1NDAwMDAwMDAwMDAwLCJkZWxldGUiOjU0MDAwMDAwMDAwMDAsInJlYWQiOjMwMDAwMDAwMDAwMCwidXBkYXRlIjo1NDAwMDAwMDAwMDAwfX0="
        }
      ]
    }
  ],
  "check_results": null
}
