{
  "version": 4,
  "terraform_version": "1.5.6",
  "serial": 6,
  "lineage": "edf6bfd6-f3bc-233b-9822-967dffcaf1c8",
  "outputs": {},
  "resources": [
    {
      "mode": "managed",
      "type": "azurerm_app_service",
      "name": "as",
      "provider": "provider[\"registry.terraform.io/hashicorp/azurerm\"]",
      "instances": [
        {
          "schema_version": 0,
          "attributes": {
            "app_service_plan_id": "/subscriptions/0121b030-1c09-46be-80b1-045cef633f4c/resourceGroups/MyAppSericeResourceGroup/providers/Microsoft.Web/serverfarms/MyAppSericePlan",
            "app_settings": {
              "SOME_KEY": "some-value"
            },
            "auth_settings": [
              {
                "active_directory": [],
                "additional_login_params": {},
                "allowed_external_redirect_urls": [],
                "default_provider": "",
                "enabled": false,
                "facebook": [],
                "google": [],
                "issuer": "",
                "microsoft": [],
                "runtime_version": "",
                "token_refresh_extension_hours": 0,
                "token_store_enabled": false,
                "twitter": [],
                "unauthenticated_client_action": ""
              }
            ],
            "backup": [],
            "client_affinity_enabled": false,
            "client_cert_enabled": false,
            "client_cert_mode": "Required",
            "connection_string": [
              {
                "name": "Database",
                "type": "SQLServer",
                "value": "Server=some-server.mydomain.com;Integrated Security=SSPI"
              }
            ],
            "custom_domain_verification_id": "5F50B833AB1244B2282F76A70514EEFDB3145F24AD45499AFB0E7E79294C449E",
            "default_site_hostname": "myappsericeusingterraform.azurewebsites.net",
            "enabled": true,
            "https_only": false,
            "id": "/subscriptions/0121b030-1c09-46be-80b1-045cef633f4c/resourceGroups/MyAppSericeResourceGroup/providers/Microsoft.Web/sites/MyAppSericeUsingTerraform",
            "identity": [],
            "key_vault_reference_identity_id": "SystemAssigned",
            "location": "eastus",
            "logs": [
              {
                "application_logs": [
                  {
                    "azure_blob_storage": [],
                    "file_system_level": "Off"
                  }
                ],
                "detailed_error_messages_enabled": false,
                "failed_request_tracing_enabled": false,
                "http_logs": [
                  {
                    "azure_blob_storage": [],
                    "file_system": []
                  }
                ]
              }
            ],
            "name": "MyAppSericeUsingTerraform",
            "outbound_ip_address_list": [
              "20.83.142.100",
              "20.83.142.177",
              "20.83.142.238",
              "20.83.142.254",
              "20.83.143.103",
              "20.83.143.129",
              "20.119.16.11"
            ],
            "outbound_ip_addresses": "20.83.142.100,20.83.142.177,20.83.142.238,20.83.142.254,20.83.143.103,20.83.143.129,20.119.16.11",
            "possible_outbound_ip_address_list": [
              "20.83.142.100",
              "20.83.142.177",
              "20.83.142.238",
              "20.83.142.254",
              "20.83.143.103",
              "20.83.143.129",
              "20.83.143.211",
              "20.83.143.243",
              "20.120.64.20",
              "20.120.64.75",
              "20.120.64.126",
              "20.120.64.137",
              "20.120.64.166",
              "20.120.64.210",
              "20.120.65.10",
              "20.120.65.28",
              "20.120.65.62",
              "20.83.142.243",
              "20.120.65.99",
              "20.120.65.199",
              "20.120.65.239",
              "20.120.65.251",
              "20.120.66.80",
              "20.83.138.15",
              "20.83.138.110",
              "20.120.66.126",
              "20.120.66.175",
              "20.120.66.197",
              "20.120.67.77",
              "20.120.67.85",
              "20.119.16.11"
            ],
            "possible_outbound_ip_addresses": "20.83.142.100,20.83.142.177,20.83.142.238,20.83.142.254,20.83.143.103,20.83.143.129,20.83.143.211,20.83.143.243,20.120.64.20,20.120.64.75,20.120.64.126,20.120.64.137,20.120.64.166,20.120.64.210,20.120.65.10,20.120.65.28,20.120.65.62,20.83.142.243,20.120.65.99,20.120.65.199,20.120.65.239,20.120.65.251,20.120.66.80,20.83.138.15,20.83.138.110,20.120.66.126,20.120.66.175,20.120.66.197,20.120.67.77,20.120.67.85,20.119.16.11",
            "resource_group_name": "MyAppSericeResourceGroup",
            "site_config": [
              {
                "acr_use_managed_identity_credentials": false,
                "acr_user_managed_identity_client_id": "",
                "always_on": false,
                "app_command_line": "",
                "auto_swap_slot_name": "",
                "cors": [
                  {
                    "allowed_origins": [],
                    "support_credentials": false
                  }
                ],
                "default_documents": null,
                "dotnet_framework_version": "v6.0",
                "ftps_state": "FtpsOnly",
                "health_check_path": "",
                "http2_enabled": false,
                "ip_restriction": [],
                "java_container": "",
                "java_container_version": "",
                "java_version": "",
                "linux_fx_version": "",
                "local_mysql_enabled": false,
                "managed_pipeline_mode": "Integrated",
                "min_tls_version": "1.2",
                "number_of_workers": 1,
                "php_version": "",
                "python_version": "",
                "remote_debugging_enabled": false,
                "remote_debugging_version": "VS2019",
                "scm_ip_restriction": [],
                "scm_type": "LocalGit",
                "scm_use_main_ip_restriction": false,
                "use_32_bit_worker_process": false,
                "vnet_route_all_enabled": false,
                "websockets_enabled": false,
                "windows_fx_version": ""
              }
            ],
            "site_credential": [
              {
                "password": "qpbql4otJZauL3Jkb52bvoeCGfFYTowrghiabeC5kEKiMcgy6bZsuoEhdwZt",
                "username": "$MyAppSericeUsingTerraform"
              }
            ],
            "source_control": [
              {
                "branch": "main",
                "manual_integration": false,
                "repo_url": "https://myappsericeusingterraform.scm.azurewebsites.net",
                "rollback_enabled": false,
                "use_mercurial": false
              }
            ],
            "storage_account": [],
            "tags": null,
            "timeouts": null
          },
          "sensitive_attributes": [],
          "private": "eyJlMmJmYjczMC1lY2FhLTExZTYtOGY4OC0zNDM2M2JjN2M0YzAiOnsiY3JlYXRlIjoxODAwMDAwMDAwMDAwLCJkZWxldGUiOjE4MDAwMDAwMDAwMDAsInJlYWQiOjMwMDAwMDAwMDAwMCwidXBkYXRlIjoxODAwMDAwMDAwMDAwfX0=",
          "dependencies": [
            "azurerm_app_service_plan.asp",
            "azurerm_resource_group.rg"
          ]
        }
      ]
    },
    {
      "mode": "managed",
      "type": "azurerm_app_service_plan",
      "name": "asp",
      "provider": "provider[\"registry.terraform.io/hashicorp/azurerm\"]",
      "instances": [
        {
          "schema_version": 0,
          "attributes": {
            "app_service_environment_id": "",
            "id": "/subscriptions/0121b030-1c09-46be-80b1-045cef633f4c/resourceGroups/MyAppSericeResourceGroup/providers/Microsoft.Web/serverfarms/MyAppSericePlan",
            "is_xenon": false,
            "kind": "Windows",
            "location": "eastus",
            "maximum_elastic_worker_count": 1,
            "maximum_number_of_workers": 10,
            "name": "MyAppSericePlan",
            "per_site_scaling": false,
            "reserved": false,
            "resource_group_name": "MyAppSericeResourceGroup",
            "sku": [
              {
                "capacity": 1,
                "size": "S1",
                "tier": "Standard"
              }
            ],
            "tags": {},
            "timeouts": null,
            "zone_redundant": false
          },
          "sensitive_attributes": [],
          "private": "eyJlMmJmYjczMC1lY2FhLTExZTYtOGY4OC0zNDM2M2JjN2M0YzAiOnsiY3JlYXRlIjozNjAwMDAwMDAwMDAwLCJkZWxldGUiOjM2MDAwMDAwMDAwMDAsInJlYWQiOjMwMDAwMDAwMDAwMCwidXBkYXRlIjozNjAwMDAwMDAwMDAwfX0=",
          "dependencies": [
            "azurerm_resource_group.rg"
          ]
        }
      ]
    },
    {
      "mode": "managed",
      "type": "azurerm_resource_group",
      "name": "rg",
      "provider": "provider[\"registry.terraform.io/hashicorp/azurerm\"]",
      "instances": [
        {
          "schema_version": 0,
          "attributes": {
            "id": "/subscriptions/0121b030-1c09-46be-80b1-045cef633f4c/resourceGroups/MyAppSericeResourceGroup",
            "location": "eastus",
            "managed_by": "",
            "name": "MyAppSericeResourceGroup",
            "tags": {},
            "timeouts": null
          },
          "sensitive_attributes": [],
          "private": "eyJlMmJmYjczMC1lY2FhLTExZTYtOGY4OC0zNDM2M2JjN2M0YzAiOnsiY3JlYXRlIjo1NDAwMDAwMDAwMDAwLCJkZWxldGUiOjU0MDAwMDAwMDAwMDAsInJlYWQiOjMwMDAwMDAwMDAwMCwidXBkYXRlIjo1NDAwMDAwMDAwMDAwfX0="
        }
      ]
    }
  ],
  "check_results": null
}
